<?xml version="1.0" encoding="utf-8"?>
<Project ToolsVersion="4.0" xmlns="http://schemas.microsoft.com/developer/msbuild/2003">
  <ItemGroup>
    <Filter Include="Components">
      <UniqueIdentifier>{8ac1ba00-3d6c-4f6e-aa81-eb42f798007b}</UniqueIdentifier>
    </Filter>
    <Filter Include="Core">
      <UniqueIdentifier>{4FC737F1-C7A5-4376-A066-2A32D752A2FF}</UniqueIdentifier>
      <Extensions>cpp;c;cc;cxx;c++;cppm;ixx;def;odl;idl;hpj;bat;asm;asmx</Extensions>
    </Filter>
    <Filter Include="Core\Physics">
      <UniqueIdentifier>{e647056c-6f4d-401e-a070-3b69c98184b7}</UniqueIdentifier>
    </Filter>
  </ItemGroup>
  <ItemGroup>
    <ClCompile Include="Main.cpp">
      <Filter>Core</Filter>
    </ClCompile>
    <ClCompile Include="SceneFactory.cpp">
      <Filter>Core</Filter>
    </ClCompile>
    <ClCompile Include="HealthComponent.cpp">
      <Filter>Components</Filter>
    </ClCompile>
    <ClCompile Include="MoveComponent.cpp">
      <Filter>Components</Filter>
    </ClCompile>
    <ClCompile Include="OrbitComponent.cpp">
      <Filter>Components</Filter>
    </ClCompile>
    <ClCompile Include="PlayerComponent.cpp">
      <Filter>Components</Filter>
    </ClCompile>
    <ClCompile Include="ScoreboardComponent.cpp">
      <Filter>Components</Filter>
    </ClCompile>
    <ClCompile Include="Command.cpp">
      <Filter>Core</Filter>
    </ClCompile>
    <ClCompile Include="TestSoundComponent.cpp">
      <Filter>Core</Filter>
    </ClCompile>
    <ClCompile Include="Tile.cpp">
      <Filter>Core</Filter>
    </ClCompile>
    <ClCompile Include="WorldDataComponent.cpp">
      <Filter>Components</Filter>
    </ClCompile>
    <ClCompile Include="WorldPhysics.cpp">
      <Filter>Core\Physics</Filter>
    </ClCompile>
  </ItemGroup>
  <ItemGroup>
    <ClInclude Include="HealthComponent.h">
      <Filter>Components</Filter>
    </ClInclude>
    <ClInclude Include="MoveComponent.h">
      <Filter>Components</Filter>
    </ClInclude>
    <ClInclude Include="OrbitComponent.h">
      <Filter>Components</Filter>
    </ClInclude>
    <ClInclude Include="PlayerComponent.h">
      <Filter>Components</Filter>
    </ClInclude>
    <ClInclude Include="ScoreboardComponent.h">
      <Filter>Components</Filter>
    </ClInclude>
    <ClInclude Include="SceneFactory.h">
      <Filter>Core</Filter>
    </ClInclude>
    <ClInclude Include="ApplicationEvent.h">
      <Filter>Core</Filter>
    </ClInclude>
    <ClInclude Include="Command.h">
      <Filter>Core</Filter>
    </ClInclude>
    <ClInclude Include="TestSoundComponent.h" />
    <ClInclude Include="Tile.h" />
    <ClInclude Include="WorldDataComponent.h">
      <Filter>Components</Filter>
    </ClInclude>
    <ClInclude Include="WorldPhysics.h">
      <Filter>Core\Physics</Filter>
    </ClInclude>
  </ItemGroup>
</Project>