<?xml version="1.0" encoding="utf-8"?>
<Project ToolsVersion="4.0" xmlns="http://schemas.microsoft.com/developer/msbuild/2003">
  <ItemGroup>
    <Filter Include="Resource Files">
      <UniqueIdentifier>{67DA6AB6-F800-4c08-8B7A-83BB121AAD01}</UniqueIdentifier>
      <Extensions>rc;ico;cur;bmp;dlg;rc2;rct;bin;rgs;gif;jpg;jpeg;jpe;resx;tiff;tif;png;wav;mfcribbon-ms</Extensions>
    </Filter>
    <Filter Include="Components">
      <UniqueIdentifier>{4FC737F1-C7A5-4376-A066-2A32D752A2FF}</UniqueIdentifier>
      <Extensions>cpp;c;cc;cxx;def;odl;idl;hpj;bat;asm;asmx</Extensions>
    </Filter>
    <Filter Include="Application Files">
      <UniqueIdentifier>{93995380-89BD-4b04-88EB-625FBE52EBFB}</UniqueIdentifier>
      <Extensions>h;hh;hpp;hxx;hm;inl;inc;xsd</Extensions>
    </Filter>
    <Filter Include="Engine Files">
      <UniqueIdentifier>{b5faee5d-94c6-41c0-850d-b8de6e8171f5}</UniqueIdentifier>
    </Filter>
    <Filter Include="Components\General">
      <UniqueIdentifier>{5d526192-2b5b-4891-8b03-30f97c414fad}</UniqueIdentifier>
    </Filter>
    <Filter Include="Components\HUD">
      <UniqueIdentifier>{7329c17f-2d7d-4357-aae0-01852150b429}</UniqueIdentifier>
    </Filter>
    <Filter Include="Components\Rendering">
      <UniqueIdentifier>{8eb9d30f-939c-41d4-9877-fb0d53460ae4}</UniqueIdentifier>
    </Filter>
    <Filter Include="Engine Files\Objects">
      <UniqueIdentifier>{7b298709-4f72-4e04-bbd3-999aff185267}</UniqueIdentifier>
    </Filter>
    <Filter Include="Engine Files\General">
      <UniqueIdentifier>{a39508cf-ca35-443a-8474-7489658fecf9}</UniqueIdentifier>
    </Filter>
    <Filter Include="Engine Files\Singletons">
      <UniqueIdentifier>{43b43921-4283-4e5c-aaf1-3434423705ec}</UniqueIdentifier>
    </Filter>
    <Filter Include="Engine Files\Time">
      <UniqueIdentifier>{fe95d17f-c101-43d2-9a08-913ad0241455}</UniqueIdentifier>
    </Filter>
    <Filter Include="Engine Files\ErrorHandling">
      <UniqueIdentifier>{c663ea7f-65c9-46b3-86d9-2a4d71c90c8e}</UniqueIdentifier>
    </Filter>
    <Filter Include="Engine Files\Imgui">
      <UniqueIdentifier>{8294ce3f-59c4-4ca1-83d5-6d7c37587a3a}</UniqueIdentifier>
    </Filter>
    <Filter Include="Engine Files\Input">
      <UniqueIdentifier>{33e9c23f-292a-4ce6-914c-21912f87ea98}</UniqueIdentifier>
    </Filter>
    <Filter Include="Engine Files\Input\Devices">
      <UniqueIdentifier>{9b75b128-4a44-4c23-b20a-c69583ffeaf9}</UniqueIdentifier>
    </Filter>
    <Filter Include="Engine Files\Input\InputStates">
      <UniqueIdentifier>{61388da2-4e3c-4250-b44e-0ceae26bff01}</UniqueIdentifier>
    </Filter>
    <Filter Include="Engine Files\Input\Commands">
      <UniqueIdentifier>{025bd39c-3ae3-4100-b43d-5284f8931de8}</UniqueIdentifier>
    </Filter>
    <Filter Include="Engine Files\Input\Buttons">
      <UniqueIdentifier>{f95e694f-2036-4949-a04f-9f2af690584c}</UniqueIdentifier>
    </Filter>
  </ItemGroup>
  <ItemGroup>
    <ClInclude Include="SceneFactory.h">
      <Filter>Application Files</Filter>
    </ClInclude>
    <ClInclude Include="BaseComponent.h">
      <Filter>Components\General</Filter>
    </ClInclude>
    <ClInclude Include="FpsComponent.h">
      <Filter>Components\HUD</Filter>
    </ClInclude>
    <ClInclude Include="OrbitComponent.h">
      <Filter>Components\General</Filter>
    </ClInclude>
    <ClInclude Include="Render2DComponent.h">
      <Filter>Components\Rendering</Filter>
    </ClInclude>
    <ClInclude Include="TextComponent.h">
      <Filter>Components\Rendering</Filter>
    </ClInclude>
    <ClInclude Include="Transform.h">
      <Filter>Components\General</Filter>
    </ClInclude>
    <ClInclude Include="Font.h">
      <Filter>Engine Files\Objects</Filter>
    </ClInclude>
    <ClInclude Include="Scene.h">
      <Filter>Engine Files\Objects</Filter>
    </ClInclude>
    <ClInclude Include="Texture2D.h">
      <Filter>Engine Files\Objects</Filter>
    </ClInclude>
    <ClInclude Include="GameObject.h">
      <Filter>Engine Files\Objects</Filter>
    </ClInclude>
    <ClInclude Include="InputManager.h">
      <Filter>Engine Files\Singletons</Filter>
    </ClInclude>
    <ClInclude Include="ResourceManager.h">
      <Filter>Engine Files\Singletons</Filter>
    </ClInclude>
    <ClInclude Include="SceneManager.h">
      <Filter>Engine Files\Singletons</Filter>
    </ClInclude>
    <ClInclude Include="Singleton.h">
      <Filter>Engine Files\Singletons</Filter>
    </ClInclude>
    <ClInclude Include="Minigin.h">
      <Filter>Engine Files\General</Filter>
    </ClInclude>
    <ClInclude Include="Time.h">
      <Filter>Engine Files\Time</Filter>
    </ClInclude>
    <ClInclude Include="Timers.h">
      <Filter>Engine Files\Time</Filter>
    </ClInclude>
    <ClInclude Include="UpdateContext.h">
      <Filter>Engine Files\General</Filter>
    </ClInclude>
    <ClInclude Include="Renderer.h">
      <Filter>Engine Files\Singletons</Filter>
    </ClInclude>
    <ClInclude Include="..\3rdParty\imgui\imgui.h">
      <Filter>Engine Files\Imgui</Filter>
    </ClInclude>
    <ClInclude Include="..\3rdParty\imgui\imgui_internal.h">
      <Filter>Engine Files\Imgui</Filter>
    </ClInclude>
    <ClInclude Include="..\3rdParty\imgui\imconfig.h">
      <Filter>Engine Files\Imgui</Filter>
    </ClInclude>
    <ClInclude Include="..\3rdParty\imgui\imstb_rectpack.h">
      <Filter>Engine Files\Imgui</Filter>
    </ClInclude>
    <ClInclude Include="..\3rdParty\imgui\imstb_textedit.h">
      <Filter>Engine Files\Imgui</Filter>
    </ClInclude>
    <ClInclude Include="..\3rdParty\imgui\imstb_truetype.h">
      <Filter>Engine Files\Imgui</Filter>
    </ClInclude>
    <ClInclude Include="..\3rdParty\imgui\backends\imgui_impl_opengl2.h">
      <Filter>Engine Files\Imgui</Filter>
    </ClInclude>
    <ClInclude Include="..\3rdParty\imgui\backends\imgui_impl_sdl2.h">
      <Filter>Engine Files\Imgui</Filter>
    </ClInclude>
    <ClInclude Include="..\3rdParty\imgui\imgui_plot.h">
      <Filter>Engine Files\Imgui</Filter>
    </ClInclude>
    <ClInclude Include="Utils.hpp">
      <Filter>Application Files</Filter>
    </ClInclude>
    <ClInclude Include="Week4Exercises.hpp">
      <Filter>Engine Files\Imgui</Filter>
    </ClInclude>
    <ClInclude Include="InputStateMouse.h">
      <Filter>Engine Files\Input\InputStates</Filter>
    </ClInclude>
    <ClInclude Include="InputStateKeyboard.h">
      <Filter>Engine Files\Input\InputStates</Filter>
    </ClInclude>
    <ClInclude Include="InputStateGamepad.h">
      <Filter>Engine Files\Input\InputStates</Filter>
    </ClInclude>
    <ClInclude Include="InputDeviceKeyboardMouse.h">
      <Filter>Engine Files\Input\Devices</Filter>
    </ClInclude>
    <ClInclude Include="InputDeviceGamepad.h">
      <Filter>Engine Files\Input\Devices</Filter>
    </ClInclude>
    <ClInclude Include="InputDevice.h">
      <Filter>Engine Files\Input\Devices</Filter>
    </ClInclude>
    <ClInclude Include="ImguiWrapper.h">
      <Filter>Engine Files\Imgui</Filter>
    </ClInclude>
    <ClInclude Include="InputSystem.h">
      <Filter>Engine Files\Input</Filter>
    </ClInclude>
    <ClInclude Include="InputDebugImguiComponent.h">
      <Filter>Components</Filter>
    </ClInclude>
    <ClInclude Include="Command.h">
      <Filter>Engine Files\Input\Commands</Filter>
    </ClInclude>
    <ClInclude Include="XInputButtons.h">
      <Filter>Engine Files\Input\Buttons</Filter>
    </ClInclude>
    <ClInclude Include="CommandHandler.h">
      <Filter>Engine Files\Input\Commands</Filter>
    </ClInclude>
    <ClInclude Include="InputState.h">
      <Filter>Engine Files\Input\InputStates</Filter>
    </ClInclude>
  </ItemGroup>
  <ItemGroup>
    <ClCompile Include="SceneFactory.cpp">
      <Filter>Application Files</Filter>
    </ClCompile>
    <ClCompile Include="BaseComponent.cpp">
      <Filter>Components\General</Filter>
    </ClCompile>
    <ClCompile Include="FpsComponent.cpp">
      <Filter>Components\HUD</Filter>
    </ClCompile>
    <ClCompile Include="OrbitComponent.cpp">
      <Filter>Components\General</Filter>
    </ClCompile>
    <ClCompile Include="Render2DComponent.cpp">
      <Filter>Components\Rendering</Filter>
    </ClCompile>
    <ClCompile Include="TextComponent.cpp">
      <Filter>Components\Rendering</Filter>
    </ClCompile>
    <ClCompile Include="Transform.cpp">
      <Filter>Components\General</Filter>
    </ClCompile>
    <ClCompile Include="Font.cpp">
      <Filter>Engine Files\Objects</Filter>
    </ClCompile>
    <ClCompile Include="Scene.cpp">
      <Filter>Engine Files\Objects</Filter>
    </ClCompile>
    <ClCompile Include="Texture2D.cpp">
      <Filter>Engine Files\Objects</Filter>
    </ClCompile>
    <ClCompile Include="GameObject.cpp">
      <Filter>Engine Files\Objects</Filter>
    </ClCompile>
    <ClCompile Include="InputManager.cpp">
      <Filter>Engine Files\Singletons</Filter>
    </ClCompile>
    <ClCompile Include="ResourceManager.cpp">
      <Filter>Engine Files\Singletons</Filter>
    </ClCompile>
    <ClCompile Include="SceneManager.cpp">
      <Filter>Engine Files\Singletons</Filter>
    </ClCompile>
    <ClCompile Include="Main.cpp">
      <Filter>Engine Files\General</Filter>
    </ClCompile>
    <ClCompile Include="Minigin.cpp">
      <Filter>Engine Files\General</Filter>
    </ClCompile>
    <ClCompile Include="Time.cpp">
      <Filter>Engine Files\Time</Filter>
    </ClCompile>
    <ClCompile Include="Renderer.cpp">
      <Filter>Engine Files\Singletons</Filter>
    </ClCompile>
    <ClCompile Include="..\3rdParty\imgui\imgui.cpp">
      <Filter>Engine Files\Imgui</Filter>
    </ClCompile>
    <ClCompile Include="..\3rdParty\imgui\imgui_demo.cpp">
      <Filter>Engine Files\Imgui</Filter>
    </ClCompile>
    <ClCompile Include="..\3rdParty\imgui\imgui_draw.cpp">
      <Filter>Engine Files\Imgui</Filter>
    </ClCompile>
    <ClCompile Include="..\3rdParty\imgui\imgui_tables.cpp">
      <Filter>Engine Files\Imgui</Filter>
    </ClCompile>
    <ClCompile Include="..\3rdParty\imgui\imgui_widgets.cpp">
      <Filter>Engine Files\Imgui</Filter>
    </ClCompile>
    <ClCompile Include="..\3rdParty\imgui\backends\imgui_impl_opengl2.cpp">
      <Filter>Engine Files\Imgui</Filter>
    </ClCompile>
    <ClCompile Include="..\3rdParty\imgui\backends\imgui_impl_sdl2.cpp">
      <Filter>Engine Files\Imgui</Filter>
    </ClCompile>
    <ClCompile Include="..\3rdParty\imgui\imgui_plot.cpp">
      <Filter>Engine Files\Imgui</Filter>
    </ClCompile>
    <ClCompile Include="InputDebugImguiComponent.cpp">
      <Filter>Components</Filter>
    </ClCompile>
    <ClCompile Include="InputDevice.cpp">
      <Filter>Components</Filter>
    </ClCompile>
    <ClCompile Include="InputDeviceGamepad.cpp">
      <Filter>Components</Filter>
    </ClCompile>
    <ClCompile Include="InputDeviceKeyboardMouse.cpp">
      <Filter>Components</Filter>
    </ClCompile>
    <ClCompile Include="InputSystem.cpp">
      <Filter>Components</Filter>
    </ClCompile>
    <ClCompile Include="Command.cpp">
      <Filter>Engine Files\Input\Commands</Filter>
    </ClCompile>
    <ClCompile Include="CommandHandler.cpp">
      <Filter>Components</Filter>
    </ClCompile>
  </ItemGroup>
</Project>