<?xml version="1.0" encoding="utf-8"?>
<Project ToolsVersion="4.0" xmlns="http://schemas.microsoft.com/developer/msbuild/2003">
  <ItemGroup>
    <Filter Include="Resource Files">
      <UniqueIdentifier>{67DA6AB6-F800-4c08-8B7A-83BB121AAD01}</UniqueIdentifier>
      <Extensions>rc;ico;cur;bmp;dlg;rc2;rct;bin;rgs;gif;jpg;jpeg;jpe;resx;tiff;tif;png;wav;mfcribbon-ms</Extensions>
    </Filter>
    <Filter Include="Components">
      <UniqueIdentifier>{4FC737F1-C7A5-4376-A066-2A32D752A2FF}</UniqueIdentifier>
      <Extensions>cpp;c;cc;cxx;def;odl;idl;hpj;bat;asm;asmx</Extensions>
    </Filter>
    <Filter Include="Application Files">
      <UniqueIdentifier>{93995380-89BD-4b04-88EB-625FBE52EBFB}</UniqueIdentifier>
      <Extensions>h;hh;hpp;hxx;hm;inl;inc;xsd</Extensions>
    </Filter>
    <Filter Include="Engine Files">
      <UniqueIdentifier>{b5faee5d-94c6-41c0-850d-b8de6e8171f5}</UniqueIdentifier>
    </Filter>
    <Filter Include="Components\General">
      <UniqueIdentifier>{5d526192-2b5b-4891-8b03-30f97c414fad}</UniqueIdentifier>
    </Filter>
    <Filter Include="Components\HUD">
      <UniqueIdentifier>{7329c17f-2d7d-4357-aae0-01852150b429}</UniqueIdentifier>
    </Filter>
    <Filter Include="Components\Rendering">
      <UniqueIdentifier>{8eb9d30f-939c-41d4-9877-fb0d53460ae4}</UniqueIdentifier>
    </Filter>
    <Filter Include="Engine Files\Objects">
      <UniqueIdentifier>{7b298709-4f72-4e04-bbd3-999aff185267}</UniqueIdentifier>
    </Filter>
    <Filter Include="Engine Files\General">
      <UniqueIdentifier>{a39508cf-ca35-443a-8474-7489658fecf9}</UniqueIdentifier>
    </Filter>
    <Filter Include="Engine Files\Singletons">
      <UniqueIdentifier>{43b43921-4283-4e5c-aaf1-3434423705ec}</UniqueIdentifier>
    </Filter>
    <Filter Include="Engine Files\Time">
      <UniqueIdentifier>{fe95d17f-c101-43d2-9a08-913ad0241455}</UniqueIdentifier>
    </Filter>
    <Filter Include="Engine Files\ErrorHandling">
      <UniqueIdentifier>{c663ea7f-65c9-46b3-86d9-2a4d71c90c8e}</UniqueIdentifier>
    </Filter>
    <Filter Include="Engine Files\Imgui">
      <UniqueIdentifier>{8294ce3f-59c4-4ca1-83d5-6d7c37587a3a}</UniqueIdentifier>
    </Filter>
    <Filter Include="Engine Files\Input">
      <UniqueIdentifier>{33e9c23f-292a-4ce6-914c-21912f87ea98}</UniqueIdentifier>
    </Filter>
    <Filter Include="Engine Files\Input\Devices">
      <UniqueIdentifier>{9b75b128-4a44-4c23-b20a-c69583ffeaf9}</UniqueIdentifier>
    </Filter>
    <Filter Include="Engine Files\Input\InputStates">
      <UniqueIdentifier>{61388da2-4e3c-4250-b44e-0ceae26bff01}</UniqueIdentifier>
    </Filter>
    <Filter Include="Engine Files\Input\Commands">
      <UniqueIdentifier>{025bd39c-3ae3-4100-b43d-5284f8931de8}</UniqueIdentifier>
    </Filter>
    <Filter Include="Engine Files\Input\Buttons">
      <UniqueIdentifier>{f95e694f-2036-4949-a04f-9f2af690584c}</UniqueIdentifier>
    </Filter>
    <Filter Include="Components\Input">
      <UniqueIdentifier>{74cd566a-5851-42f9-a03f-789a0b6577be}</UniqueIdentifier>
    </Filter>
    <Filter Include="Components\Gameplay">
      <UniqueIdentifier>{b7a6ed66-fb9d-4534-9a98-b56eff85f053}</UniqueIdentifier>
    </Filter>
    <Filter Include="Engine Files\Spawner">
      <UniqueIdentifier>{d8ef3da9-883a-4903-aef9-3047e8dca015}</UniqueIdentifier>
    </Filter>
    <Filter Include="Engine Files\Spawner\Objects">
      <UniqueIdentifier>{2a2324b4-13c5-4478-94b8-6c3a96e52dd1}</UniqueIdentifier>
    </Filter>
    <Filter Include="Engine Files\Events">
      <UniqueIdentifier>{7282c6ad-9d4d-4900-85aa-42b675dd4c55}</UniqueIdentifier>
    </Filter>
    <Filter Include="Engine Files\Audio">
      <UniqueIdentifier>{b0af2eb5-56cb-442e-9857-8348fb28302d}</UniqueIdentifier>
    </Filter>
    <Filter Include="Engine Files\ServiceLocator">
      <UniqueIdentifier>{c0f765cc-ba6b-4bd3-887b-9fecfca00a86}</UniqueIdentifier>
    </Filter>
    <Filter Include="Engine Files\Audio\SDLWrapper">
      <UniqueIdentifier>{37358410-79c3-41bb-9bfa-f50c6daf471a}</UniqueIdentifier>
    </Filter>
  </ItemGroup>
  <ItemGroup>
    <ClInclude Include="BaseComponent.h">
      <Filter>Components\General</Filter>
    </ClInclude>
    <ClInclude Include="FpsComponent.h">
      <Filter>Components\HUD</Filter>
    </ClInclude>
    <ClInclude Include="Render2DComponent.h">
      <Filter>Components\Rendering</Filter>
    </ClInclude>
    <ClInclude Include="TextComponent.h">
      <Filter>Components\Rendering</Filter>
    </ClInclude>
    <ClInclude Include="Transform.h">
      <Filter>Components\General</Filter>
    </ClInclude>
    <ClInclude Include="Font.h">
      <Filter>Engine Files\Objects</Filter>
    </ClInclude>
    <ClInclude Include="Scene.h">
      <Filter>Engine Files\Objects</Filter>
    </ClInclude>
    <ClInclude Include="Texture2D.h">
      <Filter>Engine Files\Objects</Filter>
    </ClInclude>
    <ClInclude Include="GameObject.h">
      <Filter>Engine Files\Objects</Filter>
    </ClInclude>
    <ClInclude Include="ResourceManager.h">
      <Filter>Engine Files\Singletons</Filter>
    </ClInclude>
    <ClInclude Include="SceneManager.h">
      <Filter>Engine Files\Singletons</Filter>
    </ClInclude>
    <ClInclude Include="Singleton.h">
      <Filter>Engine Files\Singletons</Filter>
    </ClInclude>
    <ClInclude Include="Minigin.h">
      <Filter>Engine Files\General</Filter>
    </ClInclude>
    <ClInclude Include="EngineTime.h">
      <Filter>Engine Files\Time</Filter>
    </ClInclude>
    <ClInclude Include="Timers.h">
      <Filter>Engine Files\Time</Filter>
    </ClInclude>
    <ClInclude Include="UpdateContext.h">
      <Filter>Engine Files\General</Filter>
    </ClInclude>
    <ClInclude Include="Renderer.h">
      <Filter>Engine Files\Singletons</Filter>
    </ClInclude>
    <ClInclude Include="..\3rdParty\imgui\imgui.h">
      <Filter>Engine Files\Imgui</Filter>
    </ClInclude>
    <ClInclude Include="..\3rdParty\imgui\imgui_internal.h">
      <Filter>Engine Files\Imgui</Filter>
    </ClInclude>
    <ClInclude Include="..\3rdParty\imgui\imconfig.h">
      <Filter>Engine Files\Imgui</Filter>
    </ClInclude>
    <ClInclude Include="..\3rdParty\imgui\imstb_rectpack.h">
      <Filter>Engine Files\Imgui</Filter>
    </ClInclude>
    <ClInclude Include="..\3rdParty\imgui\imstb_textedit.h">
      <Filter>Engine Files\Imgui</Filter>
    </ClInclude>
    <ClInclude Include="..\3rdParty\imgui\imstb_truetype.h">
      <Filter>Engine Files\Imgui</Filter>
    </ClInclude>
    <ClInclude Include="..\3rdParty\imgui\backends\imgui_impl_opengl2.h">
      <Filter>Engine Files\Imgui</Filter>
    </ClInclude>
    <ClInclude Include="..\3rdParty\imgui\backends\imgui_impl_sdl2.h">
      <Filter>Engine Files\Imgui</Filter>
    </ClInclude>
    <ClInclude Include="..\3rdParty\imgui\imgui_plot.h">
      <Filter>Engine Files\Imgui</Filter>
    </ClInclude>
    <ClInclude Include="InputStateMouse.h">
      <Filter>Engine Files\Input\InputStates</Filter>
    </ClInclude>
    <ClInclude Include="InputStateKeyboard.h">
      <Filter>Engine Files\Input\InputStates</Filter>
    </ClInclude>
    <ClInclude Include="InputStateGamepad.h">
      <Filter>Engine Files\Input\InputStates</Filter>
    </ClInclude>
    <ClInclude Include="InputDeviceGamepad.h">
      <Filter>Engine Files\Input\Devices</Filter>
    </ClInclude>
    <ClInclude Include="InputDevice.h">
      <Filter>Engine Files\Input\Devices</Filter>
    </ClInclude>
    <ClInclude Include="ImguiWrapper.h">
      <Filter>Engine Files\Imgui</Filter>
    </ClInclude>
    <ClInclude Include="InputSystem.h">
      <Filter>Engine Files\Input</Filter>
    </ClInclude>
    <ClInclude Include="CommandHandler.h">
      <Filter>Engine Files\Input\Commands</Filter>
    </ClInclude>
    <ClInclude Include="InputState.h">
      <Filter>Engine Files\Input\InputStates</Filter>
    </ClInclude>
    <ClInclude Include="InputDebugImguiComponent.h">
      <Filter>Components\HUD</Filter>
    </ClInclude>
    <ClInclude Include="TrashTheCacheComponent.h">
      <Filter>Components\HUD</Filter>
    </ClInclude>
    <ClInclude Include="PrefabFunctions.h">
      <Filter>Application Files</Filter>
    </ClInclude>
    <ClInclude Include="TemplateComponent.h">
      <Filter>Components</Filter>
    </ClInclude>
    <ClInclude Include="TagComponent.h">
      <Filter>Components\General</Filter>
    </ClInclude>
    <ClInclude Include="IDComponent.h">
      <Filter>Components\General</Filter>
    </ClInclude>
    <ClInclude Include="DeviceButtons.hpp">
      <Filter>Engine Files\Input</Filter>
    </ClInclude>
    <ClInclude Include="InputDeviceKeyboard.h">
      <Filter>Engine Files\Input\Devices</Filter>
    </ClInclude>
    <ClInclude Include="InputDeviceMouse.h">
      <Filter>Engine Files\Input\Devices</Filter>
    </ClInclude>
    <ClInclude Include="BindInputCommandComponent.h">
      <Filter>Components\Input</Filter>
    </ClInclude>
    <ClInclude Include="SDLEventQueue.h">
      <Filter>Engine Files\Input</Filter>
    </ClInclude>
    <ClInclude Include="Components.h">
      <Filter>Components</Filter>
    </ClInclude>
    <ClInclude Include="SpawnerObject.h">
      <Filter>Engine Files\Spawner\Objects</Filter>
    </ClInclude>
    <ClInclude Include="Prefab.h">
      <Filter>Engine Files\Spawner</Filter>
    </ClInclude>
    <ClInclude Include="SpawnerComponent.h">
      <Filter>Application Files</Filter>
    </ClInclude>
    <ClInclude Include="EventManager.h">
      <Filter>Engine Files\Events</Filter>
    </ClInclude>
    <ClInclude Include="EventListener.h">
      <Filter>Engine Files\Events</Filter>
    </ClInclude>
    <ClInclude Include="Event.h">
      <Filter>Engine Files\Events</Filter>
    </ClInclude>
    <ClInclude Include="Utils.hpp">
      <Filter>Engine Files</Filter>
    </ClInclude>
    <ClInclude Include="SoundSystem.h">
      <Filter>Engine Files\Audio</Filter>
    </ClInclude>
    <ClInclude Include="Locator.h">
      <Filter>Engine Files\ServiceLocator</Filter>
    </ClInclude>
    <ClInclude Include="NullSoundSystem.hpp">
      <Filter>Engine Files\Audio</Filter>
    </ClInclude>
    <ClInclude Include="SDL2_SoundSystem.h">
      <Filter>Engine Files\Audio</Filter>
    </ClInclude>
    <ClInclude Include="SDLAudioWrapper.h">
      <Filter>Engine Files\Audio\SDLWrapper</Filter>
    </ClInclude>
    <ClInclude Include="ILogger.h">
      <Filter>Application Files</Filter>
    </ClInclude>
    <ClInclude Include="LoggerMacros.h">
      <Filter>Application Files</Filter>
    </ClInclude>
    <ClInclude Include="NullLogger.h">
      <Filter>Application Files</Filter>
    </ClInclude>
    <ClInclude Include="Logger.h">
      <Filter>Application Files</Filter>
    </ClInclude>
    <ClInclude Include="audio.h">
      <Filter>Engine Files\Audio\SDLWrapper</Filter>
    </ClInclude>
    <ClInclude Include="SimpleSDL2SoundSystem.h">
      <Filter>Engine Files\Audio</Filter>
    </ClInclude>
  </ItemGroup>
  <ItemGroup>
    <ClCompile Include="BaseComponent.cpp">
      <Filter>Components\General</Filter>
    </ClCompile>
    <ClCompile Include="FpsComponent.cpp">
      <Filter>Components\HUD</Filter>
    </ClCompile>
    <ClCompile Include="Render2DComponent.cpp">
      <Filter>Components\Rendering</Filter>
    </ClCompile>
    <ClCompile Include="TextComponent.cpp">
      <Filter>Components\Rendering</Filter>
    </ClCompile>
    <ClCompile Include="Transform.cpp">
      <Filter>Components\General</Filter>
    </ClCompile>
    <ClCompile Include="Font.cpp">
      <Filter>Engine Files\Objects</Filter>
    </ClCompile>
    <ClCompile Include="Scene.cpp">
      <Filter>Engine Files\Objects</Filter>
    </ClCompile>
    <ClCompile Include="Texture2D.cpp">
      <Filter>Engine Files\Objects</Filter>
    </ClCompile>
    <ClCompile Include="GameObject.cpp">
      <Filter>Engine Files\Objects</Filter>
    </ClCompile>
    <ClCompile Include="ResourceManager.cpp">
      <Filter>Engine Files\Singletons</Filter>
    </ClCompile>
    <ClCompile Include="SceneManager.cpp">
      <Filter>Engine Files\Singletons</Filter>
    </ClCompile>
    <ClCompile Include="Minigin.cpp">
      <Filter>Engine Files\General</Filter>
    </ClCompile>
    <ClCompile Include="EngineTime.cpp">
      <Filter>Engine Files\Time</Filter>
    </ClCompile>
    <ClCompile Include="Renderer.cpp">
      <Filter>Engine Files\Singletons</Filter>
    </ClCompile>
    <ClCompile Include="..\3rdParty\imgui\imgui.cpp">
      <Filter>Engine Files\Imgui</Filter>
    </ClCompile>
    <ClCompile Include="..\3rdParty\imgui\imgui_demo.cpp">
      <Filter>Engine Files\Imgui</Filter>
    </ClCompile>
    <ClCompile Include="..\3rdParty\imgui\imgui_draw.cpp">
      <Filter>Engine Files\Imgui</Filter>
    </ClCompile>
    <ClCompile Include="..\3rdParty\imgui\imgui_tables.cpp">
      <Filter>Engine Files\Imgui</Filter>
    </ClCompile>
    <ClCompile Include="..\3rdParty\imgui\imgui_widgets.cpp">
      <Filter>Engine Files\Imgui</Filter>
    </ClCompile>
    <ClCompile Include="..\3rdParty\imgui\backends\imgui_impl_opengl2.cpp">
      <Filter>Engine Files\Imgui</Filter>
    </ClCompile>
    <ClCompile Include="..\3rdParty\imgui\backends\imgui_impl_sdl2.cpp">
      <Filter>Engine Files\Imgui</Filter>
    </ClCompile>
    <ClCompile Include="..\3rdParty\imgui\imgui_plot.cpp">
      <Filter>Engine Files\Imgui</Filter>
    </ClCompile>
    <ClCompile Include="CommandHandler.cpp">
      <Filter>Engine Files\Input\Commands</Filter>
    </ClCompile>
    <ClCompile Include="InputDebugImguiComponent.cpp">
      <Filter>Components\HUD</Filter>
    </ClCompile>
    <ClCompile Include="InputDeviceGamepad.cpp">
      <Filter>Engine Files\Input\Devices</Filter>
    </ClCompile>
    <ClCompile Include="InputSystem.cpp">
      <Filter>Engine Files\Input</Filter>
    </ClCompile>
    <ClCompile Include="TrashTheCacheComponent.cpp">
      <Filter>Components\HUD</Filter>
    </ClCompile>
    <ClCompile Include="TemplateComponent.cpp">
      <Filter>Components</Filter>
    </ClCompile>
    <ClCompile Include="TagComponent.cpp">
      <Filter>Components\General</Filter>
    </ClCompile>
    <ClCompile Include="IDComponent.cpp">
      <Filter>Components\General</Filter>
    </ClCompile>
    <ClCompile Include="SpawnerObject.cpp">
      <Filter>Engine Files\Spawner\Objects</Filter>
    </ClCompile>
    <ClCompile Include="Prefab.cpp">
      <Filter>Engine Files\Spawner</Filter>
    </ClCompile>
    <ClCompile Include="BindInputCommandComponent.cpp">
      <Filter>Components\Input</Filter>
    </ClCompile>
    <ClCompile Include="SpawnerComponent.cpp">
      <Filter>Components</Filter>
    </ClCompile>
    <ClCompile Include="EventManager.cpp">
      <Filter>Engine Files\Events</Filter>
    </ClCompile>
    <ClCompile Include="EventListener.cpp">
      <Filter>Engine Files\Events</Filter>
    </ClCompile>
    <ClCompile Include="SoundSystem.cpp">
      <Filter>Engine Files\Audio</Filter>
    </ClCompile>
    <ClCompile Include="Locator.cpp">
      <Filter>Engine Files\ServiceLocator</Filter>
    </ClCompile>
    <ClCompile Include="SDLAudioWrapper.cpp">
      <Filter>Engine Files\Audio\SDLWrapper</Filter>
    </ClCompile>
    <ClCompile Include="SDL2_SoundSystem.cpp">
      <Filter>Engine Files\Audio</Filter>
    </ClCompile>
    <ClCompile Include="ILogger.cpp">
      <Filter>Components</Filter>
    </ClCompile>
    <ClCompile Include="Logger.cpp">
      <Filter>Components</Filter>
    </ClCompile>
    <ClCompile Include="audio.cpp">
      <Filter>Engine Files\Audio\SDLWrapper</Filter>
    </ClCompile>
    <ClCompile Include="SimpleSDL2SoundSystem.cpp">
      <Filter>Engine Files\Audio</Filter>
    </ClCompile>
  </ItemGroup>
</Project>